// !$*UTF8*$!
{
	archiveVersion = 1;
	classes = {
	};
	objectVersion = 48;
	objects = {

/* Begin PBXBuildFile section */
		3D542E68205905A10007FA8B /* UIViewController.swift in Sources */ = {isa = PBXBuildFile; fileRef = 3D542E67205905A10007FA8B /* UIViewController.swift */; };
		3D542E6B20591D760007FA8B /* Utilities.swift in Sources */ = {isa = PBXBuildFile; fileRef = 3D542E6A20591D760007FA8B /* Utilities.swift */; };
		3D542E6D20591EE80007FA8B /* UIView.swift in Sources */ = {isa = PBXBuildFile; fileRef = 3D542E6C20591EE80007FA8B /* UIView.swift */; };
		3D542E6F20593EE40007FA8B /* BaseModal.swift in Sources */ = {isa = PBXBuildFile; fileRef = 3D542E6E20593EE40007FA8B /* BaseModal.swift */; };
		3DF78E84205684EB00B5F799 /* AppDelegate.swift in Sources */ = {isa = PBXBuildFile; fileRef = 3DF78E83205684EB00B5F799 /* AppDelegate.swift */; };
		3DF78E86205684EB00B5F799 /* ChatRoomViewController.swift in Sources */ = {isa = PBXBuildFile; fileRef = 3DF78E85205684EB00B5F799 /* ChatRoomViewController.swift */; };
		3DF78E89205684EB00B5F799 /* Main.storyboard in Resources */ = {isa = PBXBuildFile; fileRef = 3DF78E87205684EB00B5F799 /* Main.storyboard */; };
		3DF78E8B205684EB00B5F799 /* Assets.xcassets in Resources */ = {isa = PBXBuildFile; fileRef = 3DF78E8A205684EB00B5F799 /* Assets.xcassets */; };
		3DF78E8E205684EB00B5F799 /* LaunchScreen.storyboard in Resources */ = {isa = PBXBuildFile; fileRef = 3DF78E8C205684EB00B5F799 /* LaunchScreen.storyboard */; };
		3DF78E99205684EB00B5F799 /* ChatUsingTableViewTests.swift in Sources */ = {isa = PBXBuildFile; fileRef = 3DF78E98205684EB00B5F799 /* ChatUsingTableViewTests.swift */; };
		3DF78EA4205684EB00B5F799 /* ChatUsingTableViewUITests.swift in Sources */ = {isa = PBXBuildFile; fileRef = 3DF78EA3205684EB00B5F799 /* ChatUsingTableViewUITests.swift */; };
		3DF78EB620569ADB00B5F799 /* ChatRoomTableViewCell.swift in Sources */ = {isa = PBXBuildFile; fileRef = 3DF78EB520569ADB00B5F799 /* ChatRoomTableViewCell.swift */; };
		3DF78EB92056A1D000B5F799 /* Lato in Resources */ = {isa = PBXBuildFile; fileRef = 3DF78EB82056A1D000B5F799 /* Lato */; };
		3DF78EBB2056AB2F00B5F799 /* MessageViewController.swift in Sources */ = {isa = PBXBuildFile; fileRef = 3DF78EBA2056AB2F00B5F799 /* MessageViewController.swift */; };
		3DF78EBD2056AD6500B5F799 /* MessageTableViewCell.swift in Sources */ = {isa = PBXBuildFile; fileRef = 3DF78EBC2056AD6500B5F799 /* MessageTableViewCell.swift */; };
		3DF78EBF2056AD9F00B5F799 /* MessageSenderTableViewCell.swift in Sources */ = {isa = PBXBuildFile; fileRef = 3DF78EBE2056AD9F00B5F799 /* MessageSenderTableViewCell.swift */; };
		3DF78EC12056ADB600B5F799 /* MessageReceiverTableViewCell.swift in Sources */ = {isa = PBXBuildFile; fileRef = 3DF78EC02056ADB600B5F799 /* MessageReceiverTableViewCell.swift */; };
		3DF78EC32057F70B00B5F799 /* ChatRoom.swift in Sources */ = {isa = PBXBuildFile; fileRef = 3DF78EC22057F70B00B5F799 /* ChatRoom.swift */; };
		3DF78EC52057F71F00B5F799 /* Message.swift in Sources */ = {isa = PBXBuildFile; fileRef = 3DF78EC42057F71F00B5F799 /* Message.swift */; };
		3DF78EC82057F8DD00B5F799 /* ChatRoomService.swift in Sources */ = {isa = PBXBuildFile; fileRef = 3DF78EC72057F8DD00B5F799 /* ChatRoomService.swift */; };
/* End PBXBuildFile section */

/* Begin PBXContainerItemProxy section */
		3DF78E95205684EB00B5F799 /* PBXContainerItemProxy */ = {
			isa = PBXContainerItemProxy;
			containerPortal = 3DF78E78205684EB00B5F799 /* Project object */;
			proxyType = 1;
			remoteGlobalIDString = 3DF78E7F205684EB00B5F799;
			remoteInfo = ChatUsingTableView;
		};
		3DF78EA0205684EB00B5F799 /* PBXContainerItemProxy */ = {
			isa = PBXContainerItemProxy;
			containerPortal = 3DF78E78205684EB00B5F799 /* Project object */;
			proxyType = 1;
			remoteGlobalIDString = 3DF78E7F205684EB00B5F799;
			remoteInfo = ChatUsingTableView;
		};
/* End PBXContainerItemProxy section */

/* Begin PBXFileReference section */
		3D542E67205905A10007FA8B /* UIViewController.swift */ = {isa = PBXFileReference; lastKnownFileType = sourcecode.swift; path = UIViewController.swift; sourceTree = "<group>"; };
		3D542E6A20591D760007FA8B /* Utilities.swift */ = {isa = PBXFileReference; lastKnownFileType = sourcecode.swift; path = Utilities.swift; sourceTree = "<group>"; };
		3D542E6C20591EE80007FA8B /* UIView.swift */ = {isa = PBXFileReference; lastKnownFileType = sourcecode.swift; path = UIView.swift; sourceTree = "<group>"; };
		3D542E6E20593EE40007FA8B /* BaseModal.swift */ = {isa = PBXFileReference; fileEncoding = 4; lastKnownFileType = sourcecode.swift; path = BaseModal.swift; sourceTree = "<group>"; };
		3DF78E80205684EB00B5F799 /* ChatUsingTableView.app */ = {isa = PBXFileReference; explicitFileType = wrapper.application; includeInIndex = 0; path = ChatUsingTableView.app; sourceTree = BUILT_PRODUCTS_DIR; };
		3DF78E83205684EB00B5F799 /* AppDelegate.swift */ = {isa = PBXFileReference; lastKnownFileType = sourcecode.swift; path = AppDelegate.swift; sourceTree = "<group>"; };
		3DF78E85205684EB00B5F799 /* ChatRoomViewController.swift */ = {isa = PBXFileReference; lastKnownFileType = sourcecode.swift; path = ChatRoomViewController.swift; sourceTree = "<group>"; };
		3DF78E88205684EB00B5F799 /* Base */ = {isa = PBXFileReference; lastKnownFileType = file.storyboard; name = Base; path = Base.lproj/Main.storyboard; sourceTree = "<group>"; };
		3DF78E8A205684EB00B5F799 /* Assets.xcassets */ = {isa = PBXFileReference; lastKnownFileType = folder.assetcatalog; path = Assets.xcassets; sourceTree = "<group>"; };
		3DF78E8D205684EB00B5F799 /* Base */ = {isa = PBXFileReference; lastKnownFileType = file.storyboard; name = Base; path = Base.lproj/LaunchScreen.storyboard; sourceTree = "<group>"; };
		3DF78E8F205684EB00B5F799 /* Info.plist */ = {isa = PBXFileReference; lastKnownFileType = text.plist.xml; path = Info.plist; sourceTree = "<group>"; };
		3DF78E94205684EB00B5F799 /* ChatUsingTableViewTests.xctest */ = {isa = PBXFileReference; explicitFileType = wrapper.cfbundle; includeInIndex = 0; path = ChatUsingTableViewTests.xctest; sourceTree = BUILT_PRODUCTS_DIR; };
		3DF78E98205684EB00B5F799 /* ChatUsingTableViewTests.swift */ = {isa = PBXFileReference; lastKnownFileType = sourcecode.swift; path = ChatUsingTableViewTests.swift; sourceTree = "<group>"; };
		3DF78E9A205684EB00B5F799 /* Info.plist */ = {isa = PBXFileReference; lastKnownFileType = text.plist.xml; path = Info.plist; sourceTree = "<group>"; };
		3DF78E9F205684EB00B5F799 /* ChatUsingTableViewUITests.xctest */ = {isa = PBXFileReference; explicitFileType = wrapper.cfbundle; includeInIndex = 0; path = ChatUsingTableViewUITests.xctest; sourceTree = BUILT_PRODUCTS_DIR; };
		3DF78EA3205684EB00B5F799 /* ChatUsingTableViewUITests.swift */ = {isa = PBXFileReference; lastKnownFileType = sourcecode.swift; path = ChatUsingTableViewUITests.swift; sourceTree = "<group>"; };
		3DF78EA5205684EB00B5F799 /* Info.plist */ = {isa = PBXFileReference; lastKnownFileType = text.plist.xml; path = Info.plist; sourceTree = "<group>"; };
		3DF78EB520569ADB00B5F799 /* ChatRoomTableViewCell.swift */ = {isa = PBXFileReference; lastKnownFileType = sourcecode.swift; path = ChatRoomTableViewCell.swift; sourceTree = "<group>"; };
		3DF78EB82056A1D000B5F799 /* Lato */ = {isa = PBXFileReference; lastKnownFileType = folder; path = Lato; sourceTree = "<group>"; };
		3DF78EBA2056AB2F00B5F799 /* MessageViewController.swift */ = {isa = PBXFileReference; lastKnownFileType = sourcecode.swift; path = MessageViewController.swift; sourceTree = "<group>"; };
		3DF78EBC2056AD6500B5F799 /* MessageTableViewCell.swift */ = {isa = PBXFileReference; lastKnownFileType = sourcecode.swift; path = MessageTableViewCell.swift; sourceTree = "<group>"; };
		3DF78EBE2056AD9F00B5F799 /* MessageSenderTableViewCell.swift */ = {isa = PBXFileReference; lastKnownFileType = sourcecode.swift; path = MessageSenderTableViewCell.swift; sourceTree = "<group>"; };
		3DF78EC02056ADB600B5F799 /* MessageReceiverTableViewCell.swift */ = {isa = PBXFileReference; lastKnownFileType = sourcecode.swift; path = MessageReceiverTableViewCell.swift; sourceTree = "<group>"; };
		3DF78EC22057F70B00B5F799 /* ChatRoom.swift */ = {isa = PBXFileReference; lastKnownFileType = sourcecode.swift; path = ChatRoom.swift; sourceTree = "<group>"; };
		3DF78EC42057F71F00B5F799 /* Message.swift */ = {isa = PBXFileReference; lastKnownFileType = sourcecode.swift; path = Message.swift; sourceTree = "<group>"; };
		3DF78EC72057F8DD00B5F799 /* ChatRoomService.swift */ = {isa = PBXFileReference; lastKnownFileType = sourcecode.swift; path = ChatRoomService.swift; sourceTree = "<group>"; };
/* End PBXFileReference section */

/* Begin PBXFrameworksBuildPhase section */
		3DF78E7D205684EB00B5F799 /* Frameworks */ = {
			isa = PBXFrameworksBuildPhase;
			buildActionMask = 2147483647;
			files = (
			);
			runOnlyForDeploymentPostprocessing = 0;
		};
		3DF78E91205684EB00B5F799 /* Frameworks */ = {
			isa = PBXFrameworksBuildPhase;
			buildActionMask = 2147483647;
			files = (
			);
			runOnlyForDeploymentPostprocessing = 0;
		};
		3DF78E9C205684EB00B5F799 /* Frameworks */ = {
			isa = PBXFrameworksBuildPhase;
			buildActionMask = 2147483647;
			files = (
			);
			runOnlyForDeploymentPostprocessing = 0;
		};
/* End PBXFrameworksBuildPhase section */

/* Begin PBXGroup section */
		3D542E64205904B60007FA8B /* Extensions */ = {
			isa = PBXGroup;
			children = (
				3D542E67205905A10007FA8B /* UIViewController.swift */,
				3D542E6C20591EE80007FA8B /* UIView.swift */,
			);
			path = Extensions;
			sourceTree = "<group>";
		};
		3D542E6920591D600007FA8B /* Utilities */ = {
			isa = PBXGroup;
			children = (
				3D542E6A20591D760007FA8B /* Utilities.swift */,
			);
			path = Utilities;
			sourceTree = "<group>";
		};
		3DF78E77205684EB00B5F799 = {
			isa = PBXGroup;
			children = (
				3DF78E82205684EB00B5F799 /* ChatUsingTableView */,
				3DF78E97205684EB00B5F799 /* ChatUsingTableViewTests */,
				3DF78EA2205684EB00B5F799 /* ChatUsingTableViewUITests */,
				3DF78E81205684EB00B5F799 /* Products */,
			);
			sourceTree = "<group>";
		};
		3DF78E81205684EB00B5F799 /* Products */ = {
			isa = PBXGroup;
			children = (
				3DF78E80205684EB00B5F799 /* ChatUsingTableView.app */,
				3DF78E94205684EB00B5F799 /* ChatUsingTableViewTests.xctest */,
				3DF78E9F205684EB00B5F799 /* ChatUsingTableViewUITests.xctest */,
			);
			name = Products;
			sourceTree = "<group>";
		};
		3DF78E82205684EB00B5F799 /* ChatUsingTableView */ = {
			isa = PBXGroup;
			children = (
				3DF78EC62057F8BF00B5F799 /* Service */,
				3DF78EB420569A8200B5F799 /* Utils */,
				3DF78EB320569A7400B5F799 /* Model */,
				3DF78EB220569A6800B5F799 /* ViewController */,
				3DF78EB120569A5800B5F799 /* View */,
				3DF78E83205684EB00B5F799 /* AppDelegate.swift */,
				3DF78E87205684EB00B5F799 /* Main.storyboard */,
				3DF78E8A205684EB00B5F799 /* Assets.xcassets */,
				3DF78E8C205684EB00B5F799 /* LaunchScreen.storyboard */,
				3DF78E8F205684EB00B5F799 /* Info.plist */,
			);
			path = ChatUsingTableView;
			sourceTree = "<group>";
		};
		3DF78E97205684EB00B5F799 /* ChatUsingTableViewTests */ = {
			isa = PBXGroup;
			children = (
				3DF78E98205684EB00B5F799 /* ChatUsingTableViewTests.swift */,
				3DF78E9A205684EB00B5F799 /* Info.plist */,
			);
			path = ChatUsingTableViewTests;
			sourceTree = "<group>";
		};
		3DF78EA2205684EB00B5F799 /* ChatUsingTableViewUITests */ = {
			isa = PBXGroup;
			children = (
				3DF78EA3205684EB00B5F799 /* ChatUsingTableViewUITests.swift */,
				3DF78EA5205684EB00B5F799 /* Info.plist */,
			);
			path = ChatUsingTableViewUITests;
			sourceTree = "<group>";
		};
		3DF78EB120569A5800B5F799 /* View */ = {
			isa = PBXGroup;
			children = (
				3DF78EB520569ADB00B5F799 /* ChatRoomTableViewCell.swift */,
				3DF78EBC2056AD6500B5F799 /* MessageTableViewCell.swift */,
				3DF78EBE2056AD9F00B5F799 /* MessageSenderTableViewCell.swift */,
				3DF78EC02056ADB600B5F799 /* MessageReceiverTableViewCell.swift */,
			);
			path = View;
			sourceTree = "<group>";
		};
		3DF78EB220569A6800B5F799 /* ViewController */ = {
			isa = PBXGroup;
			children = (
				3DF78E85205684EB00B5F799 /* ChatRoomViewController.swift */,
				3DF78EBA2056AB2F00B5F799 /* MessageViewController.swift */,
			);
			path = ViewController;
			sourceTree = "<group>";
		};
		3DF78EB320569A7400B5F799 /* Model */ = {
			isa = PBXGroup;
			children = (
				3D542E6E20593EE40007FA8B /* BaseModal.swift */,
				3DF78EC22057F70B00B5F799 /* ChatRoom.swift */,
				3DF78EC42057F71F00B5F799 /* Message.swift */,
			);
			path = Model;
			sourceTree = "<group>";
		};
		3DF78EB420569A8200B5F799 /* Utils */ = {
			isa = PBXGroup;
			children = (
				3D542E6920591D600007FA8B /* Utilities */,
				3D542E64205904B60007FA8B /* Extensions */,
				3DF78EB72056A1B300B5F799 /* Fonts */,
			);
			path = Utils;
			sourceTree = "<group>";
		};
		3DF78EB72056A1B300B5F799 /* Fonts */ = {
			isa = PBXGroup;
			children = (
				3DF78EB82056A1D000B5F799 /* Lato */,
			);
			path = Fonts;
			sourceTree = "<group>";
		};
		3DF78EC62057F8BF00B5F799 /* Service */ = {
			isa = PBXGroup;
			children = (
				3DF78EC72057F8DD00B5F799 /* ChatRoomService.swift */,
			);
			path = Service;
			sourceTree = "<group>";
		};
/* End PBXGroup section */

/* Begin PBXNativeTarget section */
		3DF78E7F205684EB00B5F799 /* ChatUsingTableView */ = {
			isa = PBXNativeTarget;
			buildConfigurationList = 3DF78EA8205684EB00B5F799 /* Build configuration list for PBXNativeTarget "ChatUsingTableView" */;
			buildPhases = (
				3DF78E7C205684EB00B5F799 /* Sources */,
				3DF78E7D205684EB00B5F799 /* Frameworks */,
				3DF78E7E205684EB00B5F799 /* Resources */,
			);
			buildRules = (
			);
			dependencies = (
			);
			name = ChatUsingTableView;
			productName = ChatUsingTableView;
			productReference = 3DF78E80205684EB00B5F799 /* ChatUsingTableView.app */;
			productType = "com.apple.product-type.application";
		};
		3DF78E93205684EB00B5F799 /* ChatUsingTableViewTests */ = {
			isa = PBXNativeTarget;
			buildConfigurationList = 3DF78EAB205684EB00B5F799 /* Build configuration list for PBXNativeTarget "ChatUsingTableViewTests" */;
			buildPhases = (
				3DF78E90205684EB00B5F799 /* Sources */,
				3DF78E91205684EB00B5F799 /* Frameworks */,
				3DF78E92205684EB00B5F799 /* Resources */,
			);
			buildRules = (
			);
			dependencies = (
				3DF78E96205684EB00B5F799 /* PBXTargetDependency */,
			);
			name = ChatUsingTableViewTests;
			productName = ChatUsingTableViewTests;
			productReference = 3DF78E94205684EB00B5F799 /* ChatUsingTableViewTests.xctest */;
			productType = "com.apple.product-type.bundle.unit-test";
		};
		3DF78E9E205684EB00B5F799 /* ChatUsingTableViewUITests */ = {
			isa = PBXNativeTarget;
			buildConfigurationList = 3DF78EAE205684EB00B5F799 /* Build configuration list for PBXNativeTarget "ChatUsingTableViewUITests" */;
			buildPhases = (
				3DF78E9B205684EB00B5F799 /* Sources */,
				3DF78E9C205684EB00B5F799 /* Frameworks */,
				3DF78E9D205684EB00B5F799 /* Resources */,
			);
			buildRules = (
			);
			dependencies = (
				3DF78EA1205684EB00B5F799 /* PBXTargetDependency */,
			);
			name = ChatUsingTableViewUITests;
			productName = ChatUsingTableViewUITests;
			productReference = 3DF78E9F205684EB00B5F799 /* ChatUsingTableViewUITests.xctest */;
			productType = "com.apple.product-type.bundle.ui-testing";
		};
/* End PBXNativeTarget section */

/* Begin PBXProject section */
		3DF78E78205684EB00B5F799 /* Project object */ = {
			isa = PBXProject;
			attributes = {
				LastSwiftUpdateCheck = 0920;
				LastUpgradeCheck = 0920;
				ORGANIZATIONNAME = pranil;
				TargetAttributes = {
					3DF78E7F205684EB00B5F799 = {
						CreatedOnToolsVersion = 9.2;
						ProvisioningStyle = Automatic;
					};
					3DF78E93205684EB00B5F799 = {
						CreatedOnToolsVersion = 9.2;
						ProvisioningStyle = Automatic;
						TestTargetID = 3DF78E7F205684EB00B5F799;
					};
					3DF78E9E205684EB00B5F799 = {
						CreatedOnToolsVersion = 9.2;
						ProvisioningStyle = Automatic;
						TestTargetID = 3DF78E7F205684EB00B5F799;
					};
				};
			};
			buildConfigurationList = 3DF78E7B205684EB00B5F799 /* Build configuration list for PBXProject "ChatUsingTableView" */;
			compatibilityVersion = "Xcode 8.0";
			developmentRegion = en;
			hasScannedForEncodings = 0;
			knownRegions = (
				en,
				Base,
			);
			mainGroup = 3DF78E77205684EB00B5F799;
			productRefGroup = 3DF78E81205684EB00B5F799 /* Products */;
			projectDirPath = "";
			projectRoot = "";
			targets = (
				3DF78E7F205684EB00B5F799 /* ChatUsingTableView */,
				3DF78E93205684EB00B5F799 /* ChatUsingTableViewTests */,
				3DF78E9E205684EB00B5F799 /* ChatUsingTableViewUITests */,
			);
		};
/* End PBXProject section */

/* Begin PBXResourcesBuildPhase section */
		3DF78E7E205684EB00B5F799 /* Resources */ = {
			isa = PBXResourcesBuildPhase;
			buildActionMask = 2147483647;
			files = (
				3DF78EB92056A1D000B5F799 /* Lato in Resources */,
				3DF78E8E205684EB00B5F799 /* LaunchScreen.storyboard in Resources */,
				3DF78E8B205684EB00B5F799 /* Assets.xcassets in Resources */,
				3DF78E89205684EB00B5F799 /* Main.storyboard in Resources */,
			);
			runOnlyForDeploymentPostprocessing = 0;
		};
		3DF78E92205684EB00B5F799 /* Resources */ = {
			isa = PBXResourcesBuildPhase;
			buildActionMask = 2147483647;
			files = (
			);
			runOnlyForDeploymentPostprocessing = 0;
		};
		3DF78E9D205684EB00B5F799 /* Resources */ = {
			isa = PBXResourcesBuildPhase;
			buildActionMask = 2147483647;
			files = (
			);
			runOnlyForDeploymentPostprocessing = 0;
		};
/* End PBXResourcesBuildPhase section */

/* Begin PBXSourcesBuildPhase section */
		3DF78E7C205684EB00B5F799 /* Sources */ = {
			isa = PBXSourcesBuildPhase;
			buildActionMask = 2147483647;
			files = (
				3D542E6D20591EE80007FA8B /* UIView.swift in Sources */,
				3DF78EC82057F8DD00B5F799 /* ChatRoomService.swift in Sources */,
				3D542E6F20593EE40007FA8B /* BaseModal.swift in Sources */,
				3DF78EC12056ADB600B5F799 /* MessageReceiverTableViewCell.swift in Sources */,
				3DF78EBF2056AD9F00B5F799 /* MessageSenderTableViewCell.swift in Sources */,
				3D542E68205905A10007FA8B /* UIViewController.swift in Sources */,
				3DF78E86205684EB00B5F799 /* ChatRoomViewController.swift in Sources */,
				3DF78EC52057F71F00B5F799 /* Message.swift in Sources */,
				3D542E6B20591D760007FA8B /* Utilities.swift in Sources */,
				3DF78EB620569ADB00B5F799 /* ChatRoomTableViewCell.swift in Sources */,
				3DF78EBB2056AB2F00B5F799 /* MessageViewController.swift in Sources */,
				3DF78EBD2056AD6500B5F799 /* MessageTableViewCell.swift in Sources */,
				3DF78EC32057F70B00B5F799 /* ChatRoom.swift in Sources */,
				3DF78E84205684EB00B5F799 /* AppDelegate.swift in Sources */,
			);
			runOnlyForDeploymentPostprocessing = 0;
		};
		3DF78E90205684EB00B5F799 /* Sources */ = {
			isa = PBXSourcesBuildPhase;
			buildActionMask = 2147483647;
			files = (
				3DF78E99205684EB00B5F799 /* ChatUsingTableViewTests.swift in Sources */,
			);
			runOnlyForDeploymentPostprocessing = 0;
		};
		3DF78E9B205684EB00B5F799 /* Sources */ = {
			isa = PBXSourcesBuildPhase;
			buildActionMask = 2147483647;
			files = (
				3DF78EA4205684EB00B5F799 /* ChatUsingTableViewUITests.swift in Sources */,
			);
			runOnlyForDeploymentPostprocessing = 0;
		};
/* End PBXSourcesBuildPhase section */

/* Begin PBXTargetDependency section */
		3DF78E96205684EB00B5F799 /* PBXTargetDependency */ = {
			isa = PBXTargetDependency;
			target = 3DF78E7F205684EB00B5F799 /* ChatUsingTableView */;
			targetProxy = 3DF78E95205684EB00B5F799 /* PBXContainerItemProxy */;
		};
		3DF78EA1205684EB00B5F799 /* PBXTargetDependency */ = {
			isa = PBXTargetDependency;
			target = 3DF78E7F205684EB00B5F799 /* ChatUsingTableView */;
			targetProxy = 3DF78EA0205684EB00B5F799 /* PBXContainerItemProxy */;
		};
/* End PBXTargetDependency section */

/* Begin PBXVariantGroup section */
		3DF78E87205684EB00B5F799 /* Main.storyboard */ = {
			isa = PBXVariantGroup;
			children = (
				3DF78E88205684EB00B5F799 /* Base */,
			);
			name = Main.storyboard;
			sourceTree = "<group>";
		};
		3DF78E8C205684EB00B5F799 /* LaunchScreen.storyboard */ = {
			isa = PBXVariantGroup;
			children = (
				3DF78E8D205684EB00B5F799 /* Base */,
			);
			name = LaunchScreen.storyboard;
			sourceTree = "<group>";
		};
/* End PBXVariantGroup section */

/* Begin XCBuildConfiguration section */
		3DF78EA6205684EB00B5F799 /* Debug */ = {
			isa = XCBuildConfiguration;
			buildSettings = {
				ALWAYS_SEARCH_USER_PATHS = NO;
				CLANG_ANALYZER_NONNULL = YES;
				CLANG_ANALYZER_NUMBER_OBJECT_CONVERSION = YES_AGGRESSIVE;
				CLANG_CXX_LANGUAGE_STANDARD = "gnu++14";
				CLANG_CXX_LIBRARY = "libc++";
				CLANG_ENABLE_MODULES = YES;
				CLANG_ENABLE_OBJC_ARC = YES;
				CLANG_WARN_BLOCK_CAPTURE_AUTORELEASING = YES;
				CLANG_WARN_BOOL_CONVERSION = YES;
				CLANG_WARN_COMMA = YES;
				CLANG_WARN_CONSTANT_CONVERSION = YES;
				CLANG_WARN_DIRECT_OBJC_ISA_USAGE = YES_ERROR;
				CLANG_WARN_DOCUMENTATION_COMMENTS = YES;
				CLANG_WARN_EMPTY_BODY = YES;
				CLANG_WARN_ENUM_CONVERSION = YES;
				CLANG_WARN_INFINITE_RECURSION = YES;
				CLANG_WARN_INT_CONVERSION = YES;
				CLANG_WARN_NON_LITERAL_NULL_CONVERSION = YES;
				CLANG_WARN_OBJC_LITERAL_CONVERSION = YES;
				CLANG_WARN_OBJC_ROOT_CLASS = YES_ERROR;
				CLANG_WARN_RANGE_LOOP_ANALYSIS = YES;
				CLANG_WARN_STRICT_PROTOTYPES = YES;
				CLANG_WARN_SUSPICIOUS_MOVE = YES;
				CLANG_WARN_UNGUARDED_AVAILABILITY = YES_AGGRESSIVE;
				CLANG_WARN_UNREACHABLE_CODE = YES;
				CLANG_WARN__DUPLICATE_METHOD_MATCH = YES;
				CODE_SIGN_IDENTITY = "iPhone Developer";
				COPY_PHASE_STRIP = NO;
				DEBUG_INFORMATION_FORMAT = dwarf;
				ENABLE_STRICT_OBJC_MSGSEND = YES;
				ENABLE_TESTABILITY = YES;
				GCC_C_LANGUAGE_STANDARD = gnu11;
				GCC_DYNAMIC_NO_PIC = NO;
				GCC_NO_COMMON_BLOCKS = YES;
				GCC_OPTIMIZATION_LEVEL = 0;
				GCC_PREPROCESSOR_DEFINITIONS = (
					"DEBUG=1",
					"$(inherited)",
				);
				GCC_WARN_64_TO_32_BIT_CONVERSION = YES;
				GCC_WARN_ABOUT_RETURN_TYPE = YES_ERROR;
				GCC_WARN_UNDECLARED_SELECTOR = YES;
				GCC_WARN_UNINITIALIZED_AUTOS = YES_AGGRESSIVE;
				GCC_WARN_UNUSED_FUNCTION = YES;
				GCC_WARN_UNUSED_VARIABLE = YES;
				IPHONEOS_DEPLOYMENT_TARGET = 11.2;
				MTL_ENABLE_DEBUG_INFO = YES;
				ONLY_ACTIVE_ARCH = YES;
				SDKROOT = iphoneos;
				SWIFT_ACTIVE_COMPILATION_CONDITIONS = DEBUG;
				SWIFT_OPTIMIZATION_LEVEL = "-Onone";
			};
			name = Debug;
		};
		3DF78EA7205684EB00B5F799 /* Release */ = {
			isa = XCBuildConfiguration;
			buildSettings = {
				ALWAYS_SEARCH_USER_PATHS = NO;
				CLANG_ANALYZER_NONNULL = YES;
				CLANG_ANALYZER_NUMBER_OBJECT_CONVERSION = YES_AGGRESSIVE;
				CLANG_CXX_LANGUAGE_STANDARD = "gnu++14";
				CLANG_CXX_LIBRARY = "libc++";
				CLANG_ENABLE_MODULES = YES;
				CLANG_ENABLE_OBJC_ARC = YES;
				CLANG_WARN_BLOCK_CAPTURE_AUTORELEASING = YES;
				CLANG_WARN_BOOL_CONVERSION = YES;
				CLANG_WARN_COMMA = YES;
				CLANG_WARN_CONSTANT_CONVERSION = YES;
				CLANG_WARN_DIRECT_OBJC_ISA_USAGE = YES_ERROR;
				CLANG_WARN_DOCUMENTATION_COMMENTS = YES;
				CLANG_WARN_EMPTY_BODY = YES;
				CLANG_WARN_ENUM_CONVERSION = YES;
				CLANG_WARN_INFINITE_RECURSION = YES;
				CLANG_WARN_INT_CONVERSION = YES;
				CLANG_WARN_NON_LITERAL_NULL_CONVERSION = YES;
				CLANG_WARN_OBJC_LITERAL_CONVERSION = YES;
				CLANG_WARN_OBJC_ROOT_CLASS = YES_ERROR;
				CLANG_WARN_RANGE_LOOP_ANALYSIS = YES;
				CLANG_WARN_STRICT_PROTOTYPES = YES;
				CLANG_WARN_SUSPICIOUS_MOVE = YES;
				CLANG_WARN_UNGUARDED_AVAILABILITY = YES_AGGRESSIVE;
				CLANG_WARN_UNREACHABLE_CODE = YES;
				CLANG_WARN__DUPLICATE_METHOD_MATCH = YES;
				CODE_SIGN_IDENTITY = "iPhone Developer";
				COPY_PHASE_STRIP = NO;
				DEBUG_INFORMATION_FORMAT = "dwarf-with-dsym";
				ENABLE_NS_ASSERTIONS = NO;
				ENABLE_STRICT_OBJC_MSGSEND = YES;
				GCC_C_LANGUAGE_STANDARD = gnu11;
				GCC_NO_COMMON_BLOCKS = YES;
				GCC_WARN_64_TO_32_BIT_CONVERSION = YES;
				GCC_WARN_ABOUT_RETURN_TYPE = YES_ERROR;
				GCC_WARN_UNDECLARED_SELECTOR = YES;
				GCC_WARN_UNINITIALIZED_AUTOS = YES_AGGRESSIVE;
				GCC_WARN_UNUSED_FUNCTION = YES;
				GCC_WARN_UNUSED_VARIABLE = YES;
				IPHONEOS_DEPLOYMENT_TARGET = 11.2;
				MTL_ENABLE_DEBUG_INFO = NO;
				SDKROOT = iphoneos;
				SWIFT_OPTIMIZATION_LEVEL = "-Owholemodule";
				VALIDATE_PRODUCT = YES;
			};
			name = Release;
		};
		3DF78EA9205684EB00B5F799 /* Debug */ = {
			isa = XCBuildConfiguration;
			buildSettings = {
				ASSETCATALOG_COMPILER_APPICON_NAME = AppIcon;
				CODE_SIGN_STYLE = Automatic;
				DEVELOPMENT_TEAM = BB8Z57S5PW;
				INFOPLIST_FILE = ChatUsingTableView/Info.plist;
				LD_RUNPATH_SEARCH_PATHS = "$(inherited) @executable_path/Frameworks";
				PRODUCT_BUNDLE_IDENTIFIER = "i-pran.ChatUsingTableView";
				PRODUCT_NAME = "$(TARGET_NAME)";
				SWIFT_VERSION = 4.0;
				TARGETED_DEVICE_FAMILY = "1,2";
			};
			name = Debug;
		};
		3DF78EAA205684EB00B5F799 /* Release */ = {
			isa = XCBuildConfiguration;
			buildSettings = {
				ASSETCATALOG_COMPILER_APPICON_NAME = AppIcon;
				CODE_SIGN_STYLE = Automatic;
				DEVELOPMENT_TEAM = BB8Z57S5PW;
				INFOPLIST_FILE = ChatUsingTableView/Info.plist;
				LD_RUNPATH_SEARCH_PATHS = "$(inherited) @executable_path/Frameworks";
				PRODUCT_BUNDLE_IDENTIFIER = "i-pran.ChatUsingTableView";
				PRODUCT_NAME = "$(TARGET_NAME)";
				SWIFT_VERSION = 4.0;
				TARGETED_DEVICE_FAMILY = "1,2";
			};
			name = Release;
		};
		3DF78EAC205684EB00B5F799 /* Debug */ = {
			isa = XCBuildConfiguration;
			buildSettings = {
				ALWAYS_EMBED_SWIFT_STANDARD_LIBRARIES = YES;
				BUNDLE_LOADER = "$(TEST_HOST)";
				CODE_SIGN_STYLE = Automatic;
				DEVELOPMENT_TEAM = BB8Z57S5PW;
				INFOPLIST_FILE = ChatUsingTableViewTests/Info.plist;
				LD_RUNPATH_SEARCH_PATHS = "$(inherited) @executable_path/Frameworks @loader_path/Frameworks";
				PRODUCT_BUNDLE_IDENTIFIER = "i-pran.ChatUsingTableViewTests";
				PRODUCT_NAME = "$(TARGET_NAME)";
				SWIFT_VERSION = 4.0;
				TARGETED_DEVICE_FAMILY = "1,2";
				TEST_HOST = "$(BUILT_PRODUCTS_DIR)/ChatUsingTableView.app/ChatUsingTableView";
			};
			name = Debug;
		};
		3DF78EAD205684EB00B5F799 /* Release */ = {
			isa = XCBuildConfiguration;
			buildSettings = {
				ALWAYS_EMBED_SWIFT_STANDARD_LIBRARIES = YES;
				BUNDLE_LOADER = "$(TEST_HOST)";
				CODE_SIGN_STYLE = Automatic;
				DEVELOPMENT_TEAM = BB8Z57S5PW;
				INFOPLIST_FILE = ChatUsingTableViewTests/Info.plist;
				LD_RUNPATH_SEARCH_PATHS = "$(inherited) @executable_path/Frameworks @loader_path/Frameworks";
				PRODUCT_BUNDLE_IDENTIFIER = "i-pran.ChatUsingTableViewTests";
				PRODUCT_NAME = "$(TARGET_NAME)";
				SWIFT_VERSION = 4.0;
				TARGETED_DEVICE_FAMILY = "1,2";
				TEST_HOST = "$(BUILT_PRODUCTS_DIR)/ChatUsingTableView.app/ChatUsingTableView";
			};
			name = Release;
		};
		3DF78EAF205684EB00B5F799 /* Debug */ = {
			isa = XCBuildConfiguration;
			buildSettings = {
				ALWAYS_EMBED_SWIFT_STANDARD_LIBRARIES = YES;
				CODE_SIGN_STYLE = Automatic;
				DEVELOPMENT_TEAM = BB8Z57S5PW;
				INFOPLIST_FILE = ChatUsingTableViewUITests/Info.plist;
				LD_RUNPATH_SEARCH_PATHS = "$(inherited) @executable_path/Frameworks @loader_path/Frameworks";
				PRODUCT_BUNDLE_IDENTIFIER = "i-pran.ChatUsingTableViewUITests";
				PRODUCT_NAME = "$(TARGET_NAME)";
				SWIFT_VERSION = 4.0;
				TARGETED_DEVICE_FAMILY = "1,2";
				TEST_TARGET_NAME = ChatUsingTableView;
			};
			name = Debug;
		};
		3DF78EB0205684EB00B5F799 /* Release */ = {
			isa = XCBuildConfiguration;
			buildSettings = {
				ALWAYS_EMBED_SWIFT_STANDARD_LIBRARIES = YES;
				CODE_SIGN_STYLE = Automatic;
				DEVELOPMENT_TEAM = BB8Z57S5PW;
				INFOPLIST_FILE = ChatUsingTableViewUITests/Info.plist;
				LD_RUNPATH_SEARCH_PATHS = "$(inherited) @executable_path/Frameworks @loader_path/Frameworks";
				PRODUCT_BUNDLE_IDENTIFIER = "i-pran.ChatUsingTableViewUITests";
				PRODUCT_NAME = "$(TARGET_NAME)";
				SWIFT_VERSION = 4.0;
				TARGETED_DEVICE_FAMILY = "1,2";
				TEST_TARGET_NAME = ChatUsingTableView;
			};
			name = Release;
		};
/* End XCBuildConfiguration section */

/* Begin XCConfigurationList section */
		3DF78E7B205684EB00B5F799 /* Build configuration list for PBXProject "ChatUsingTableView" */ = {
			isa = XCConfigurationList;
			buildConfigurations = (
				3DF78EA6205684EB00B5F799 /* Debug */,
				3DF78EA7205684EB00B5F799 /* Release */,
			);
			defaultConfigurationIsVisible = 0;
			defaultConfigurationName = Release;
		};
		3DF78EA8205684EB00B5F799 /* Build configuration list for PBXNativeTarget "ChatUsingTableView" */ = {
			isa = XCConfigurationList;
			buildConfigurations = (
				3DF78EA9205684EB00B5F799 /* Debug */,
				3DF78EAA205684EB00B5F799 /* Release */,
			);
			defaultConfigurationIsVisible = 0;
			defaultConfigurationName = Release;
		};
		3DF78EAB205684EB00B5F799 /* Build configuration list for PBXNativeTarget "ChatUsingTableViewTests" */ = {
			isa = XCConfigurationList;
			buildConfigurations = (
				3DF78EAC205684EB00B5F799 /* Debug */,
				3DF78EAD205684EB00B5F799 /* Release */,
			);
			defaultConfigurationIsVisible = 0;
			defaultConfigurationName = Release;
		};
		3DF78EAE205684EB00B5F799 /* Build configuration list for PBXNativeTarget "ChatUsingTableViewUITests" */ = {
			isa = XCConfigurationList;
			buildConfigurations = (
				3DF78EAF205684EB00B5F799 /* Debug */,
				3DF78EB0205684EB00B5F799 /* Release */,
			);
			defaultConfigurationIsVisible = 0;
			defaultConfigurationName = Release;
		};
/* End XCConfigurationList section */
	};
	rootObject = 3DF78E78205684EB00B5F799 /* Project object */;
}
